<?xml version="1.0" encoding="utf-8"?>
<Project ToolsVersion="16.0" xmlns="http://schemas.microsoft.com/developer/msbuild/2003">
  <ItemGroup>
    <CustomBuild Include="C:\Users\Kuba\Desktop\git\opengl-learning\lessons\6. PBR\2. IBL\2. Specular IBL\build1\CMakeFiles\9a2510d3793cf9113a3ece916953fb5e\PACKAGE_force.rule">
      <Filter>CMake Rules</Filter>
    </CustomBuild>
  </ItemGroup>
  <ItemGroup>
    <Filter Include="CMake Rules">
      <UniqueIdentifier>{B3073592-17F6-3ED4-997B-D35B2BF0E6B3}</UniqueIdentifier>
    </Filter>
  </ItemGroup>
</Project>
