
Microsoft Visual Studio Solution File, Format Version 12.00
# Visual Studio Version 16
Project("{8BC9CEB8-8B4A-11D0-8D11-00A0C91BC942}") = "ALL_BUILD", "ALL_BUILD.vcxproj", "{42329E7E-B0B0-39A0-A90B-358C9076A17D}"
	ProjectSection(ProjectDependencies) = postProject
		{8936E595-1295-33F4-8DA6-B6A0FA5EFAFB} = {8936E595-1295-33F4-8DA6-B6A0FA5EFAFB}
		{DEF8AD67-4380-3088-9051-37A412266C9B} = {DEF8AD67-4380-3088-9051-37A412266C9B}
		{B74D5A24-D9AA-3EDB-BEB1-B20B588E259C} = {B74D5A24-D9AA-3EDB-BEB1-B20B588E259C}
		{789D6939-2E23-34AA-9B81-4722B11E5724} = {789D6939-2E23-34AA-9B81-4722B11E5724}
		{15B8013A-B087-39AB-A43E-78844AA73195} = {15B8013A-B087-39AB-A43E-78844AA73195}
		{D9065687-5C7C-3591-A8CA-8CD30EF9BF81} = {D9065687-5C7C-3591-A8CA-8CD30EF9BF81}
	EndProjectSection
EndProject
Project("{8BC9CEB8-8B4A-11D0-8D11-00A0C91BC942}") = "INSTALL", "INSTALL.vcxproj", "{B39473F8-5FC7-3FBF-AE52-51D69B8294E5}"
	ProjectSection(ProjectDependencies) = postProject
		{42329E7E-B0B0-39A0-A90B-358C9076A17D} = {42329E7E-B0B0-39A0-A90B-358C9076A17D}
		{DEF8AD67-4380-3088-9051-37A412266C9B} = {DEF8AD67-4380-3088-9051-37A412266C9B}
	EndProjectSection
EndProject
Project("{8BC9CEB8-8B4A-11D0-8D11-00A0C91BC942}") = "PACKAGE", "PACKAGE.vcxproj", "{27A1C43E-073B-3536-873A-07B3E1136575}"
	ProjectSection(ProjectDependencies) = postProject
		{42329E7E-B0B0-39A0-A90B-358C9076A17D} = {42329E7E-B0B0-39A0-A90B-358C9076A17D}
		{DEF8AD67-4380-3088-9051-37A412266C9B} = {DEF8AD67-4380-3088-9051-37A412266C9B}
	EndProjectSection
EndProject
Project("{8BC9CEB8-8B4A-11D0-8D11-00A0C91BC942}") = "PBR-Lighting", "src\PBR-Lighting.vcxproj", "{8936E595-1295-33F4-8DA6-B6A0FA5EFAFB}"
	ProjectSection(ProjectDependencies) = postProject
		{DEF8AD67-4380-3088-9051-37A412266C9B} = {DEF8AD67-4380-3088-9051-37A412266C9B}
		{B74D5A24-D9AA-3EDB-BEB1-B20B588E259C} = {B74D5A24-D9AA-3EDB-BEB1-B20B588E259C}
		{789D6939-2E23-34AA-9B81-4722B11E5724} = {789D6939-2E23-34AA-9B81-4722B11E5724}
		{15B8013A-B087-39AB-A43E-78844AA73195} = {15B8013A-B087-39AB-A43E-78844AA73195}
		{D9065687-5C7C-3591-A8CA-8CD30EF9BF81} = {D9065687-5C7C-3591-A8CA-8CD30EF9BF81}
	EndProjectSection
EndProject
Project("{8BC9CEB8-8B4A-11D0-8D11-00A0C91BC942}") = "ZERO_CHECK", "ZERO_CHECK.vcxproj", "{DEF8AD67-4380-3088-9051-37A412266C9B}"
	ProjectSection(ProjectDependencies) = postProject
	EndProjectSection
EndProject
Project("{8BC9CEB8-8B4A-11D0-8D11-00A0C91BC942}") = "camera", "src\camera.vcxproj", "{B74D5A24-D9AA-3EDB-BEB1-B20B588E259C}"
	ProjectSection(ProjectDependencies) = postProject
		{DEF8AD67-4380-3088-9051-37A412266C9B} = {DEF8AD67-4380-3088-9051-37A412266C9B}
	EndProjectSection
EndProject
Project("{8BC9CEB8-8B4A-11D0-8D11-00A0C91BC942}") = "glfbo", "src\glfbo\glfbo.vcxproj", "{789D6939-2E23-34AA-9B81-4722B11E5724}"
	ProjectSection(ProjectDependencies) = postProject
		{DEF8AD67-4380-3088-9051-37A412266C9B} = {DEF8AD67-4380-3088-9051-37A412266C9B}
	EndProjectSection
EndProject
Project("{8BC9CEB8-8B4A-11D0-8D11-00A0C91BC942}") = "glml", "src\glml\glml.vcxproj", "{15B8013A-B087-39AB-A43E-78844AA73195}"
	ProjectSection(ProjectDependencies) = postProject
		{DEF8AD67-4380-3088-9051-37A412266C9B} = {DEF8AD67-4380-3088-9051-37A412266C9B}
	EndProjectSection
EndProject
Project("{8BC9CEB8-8B4A-11D0-8D11-00A0C91BC942}") = "shader", "src\shader.vcxproj", "{D9065687-5C7C-3591-A8CA-8CD30EF9BF81}"
	ProjectSection(ProjectDependencies) = postProject
		{DEF8AD67-4380-3088-9051-37A412266C9B} = {DEF8AD67-4380-3088-9051-37A412266C9B}
	EndProjectSection
EndProject
Global
	GlobalSection(SolutionConfigurationPlatforms) = preSolution
		Debug|x64 = Debug|x64
		Release|x64 = Release|x64
	EndGlobalSection
	GlobalSection(ProjectConfigurationPlatforms) = postSolution
		{42329E7E-B0B0-39A0-A90B-358C9076A17D}.Debug|x64.ActiveCfg = Debug|x64
		{42329E7E-B0B0-39A0-A90B-358C9076A17D}.Debug|x64.Build.0 = Debug|x64
		{42329E7E-B0B0-39A0-A90B-358C9076A17D}.Release|x64.ActiveCfg = Release|x64
		{42329E7E-B0B0-39A0-A90B-358C9076A17D}.Release|x64.Build.0 = Release|x64
		{B39473F8-5FC7-3FBF-AE52-51D69B8294E5}.Debug|x64.ActiveCfg = Debug|x64
		{B39473F8-5FC7-3FBF-AE52-51D69B8294E5}.Release|x64.ActiveCfg = Release|x64
		{27A1C43E-073B-3536-873A-07B3E1136575}.Debug|x64.ActiveCfg = Debug|x64
		{27A1C43E-073B-3536-873A-07B3E1136575}.Release|x64.ActiveCfg = Release|x64
		{8936E595-1295-33F4-8DA6-B6A0FA5EFAFB}.Debug|x64.ActiveCfg = Debug|x64
		{8936E595-1295-33F4-8DA6-B6A0FA5EFAFB}.Debug|x64.Build.0 = Debug|x64
		{8936E595-1295-33F4-8DA6-B6A0FA5EFAFB}.Release|x64.ActiveCfg = Release|x64
		{8936E595-1295-33F4-8DA6-B6A0FA5EFAFB}.Release|x64.Build.0 = Release|x64
		{DEF8AD67-4380-3088-9051-37A412266C9B}.Debug|x64.ActiveCfg = Debug|x64
		{DEF8AD67-4380-3088-9051-37A412266C9B}.Debug|x64.Build.0 = Debug|x64
		{DEF8AD67-4380-3088-9051-37A412266C9B}.Release|x64.ActiveCfg = Release|x64
		{DEF8AD67-4380-3088-9051-37A412266C9B}.Release|x64.Build.0 = Release|x64
		{B74D5A24-D9AA-3EDB-BEB1-B20B588E259C}.Debug|x64.ActiveCfg = Debug|x64
		{B74D5A24-D9AA-3EDB-BEB1-B20B588E259C}.Debug|x64.Build.0 = Debug|x64
		{B74D5A24-D9AA-3EDB-BEB1-B20B588E259C}.Release|x64.ActiveCfg = Release|x64
		{B74D5A24-D9AA-3EDB-BEB1-B20B588E259C}.Release|x64.Build.0 = Release|x64
		{789D6939-2E23-34AA-9B81-4722B11E5724}.Debug|x64.ActiveCfg = Debug|x64
		{789D6939-2E23-34AA-9B81-4722B11E5724}.Debug|x64.Build.0 = Debug|x64
		{789D6939-2E23-34AA-9B81-4722B11E5724}.Release|x64.ActiveCfg = Release|x64
		{789D6939-2E23-34AA-9B81-4722B11E5724}.Release|x64.Build.0 = Release|x64
		{15B8013A-B087-39AB-A43E-78844AA73195}.Debug|x64.ActiveCfg = Debug|x64
		{15B8013A-B087-39AB-A43E-78844AA73195}.Debug|x64.Build.0 = Debug|x64
		{15B8013A-B087-39AB-A43E-78844AA73195}.Release|x64.ActiveCfg = Release|x64
		{15B8013A-B087-39AB-A43E-78844AA73195}.Release|x64.Build.0 = Release|x64
		{D9065687-5C7C-3591-A8CA-8CD30EF9BF81}.Debug|x64.ActiveCfg = Debug|x64
		{D9065687-5C7C-3591-A8CA-8CD30EF9BF81}.Debug|x64.Build.0 = Debug|x64
		{D9065687-5C7C-3591-A8CA-8CD30EF9BF81}.Release|x64.ActiveCfg = Release|x64
		{D9065687-5C7C-3591-A8CA-8CD30EF9BF81}.Release|x64.Build.0 = Release|x64
	EndGlobalSection
	GlobalSection(ExtensibilityGlobals) = postSolution
		SolutionGuid = {4680B5BF-BCFA-3FC0-A382-886ADA590C0B}
	EndGlobalSection
	GlobalSection(ExtensibilityAddIns) = postSolution
	EndGlobalSection
EndGlobal
